
Microsoft Visual Studio Solution File, Format Version 12.00
# Visual Studio Version 17
VisualStudioVersion = 17.14.36429.23 d17.14
MinimumVisualStudioVersion = 10.0.40219.1
Project("{2150E333-8FDC-42A3-9474-1A3956D46DE8}") = "Task0", "Task0", "{02EA681E-C7D8-13C7-8484-4AC65E1B71E8}"
EndProject
Project("{2150E333-8FDC-42A3-9474-1A3956D46DE8}") = "Task1", "Task1", "{A8726B7D-FFFB-449D-9AA5-F96DD7A54581}"
EndProject
Project("{2150E333-8FDC-42A3-9474-1A3956D46DE8}") = "Task2", "Task2", "{E2676171-0422-4909-95A1-4CD4727AC64B}"
EndProject
Project("{2150E333-8FDC-42A3-9474-1A3956D46DE8}") = "Task3", "Task3", "{A2EBC2C9-2F85-4526-B12A-C68F22C4971A}"
EndProject
Project("{2150E333-8FDC-42A3-9474-1A3956D46DE8}") = "Task4", "Task4", "{09C2D9F8-FD15-44EC-9F3A-2AC1556721F5}"
EndProject
Project("{2150E333-8FDC-42A3-9474-1A3956D46DE8}") = "Task5", "Task5", "{80B7C1FA-7289-4EB2-9885-947AD5E195C0}"
EndProject
Project("{2150E333-8FDC-42A3-9474-1A3956D46DE8}") = "Task6", "Task6", "{C5C9C6BE-B9AE-4869-B003-6859A17FB2FF}"
EndProject
Project("{2150E333-8FDC-42A3-9474-1A3956D46DE8}") = "Task7", "Task7", "{F37D6867-7789-45ED-91DE-8863F6BD20EE}"
EndProject
Project("{FAE04EC0-301F-11D3-BF4B-00C04F79EFBC}") = "Tyuiu.TenkeumiaffoSL.Sprint5.Task0.V18", "Tyuiu.TenkeumiaffoSL.Sprint5.Task0.V18\Tyuiu.TenkeumiaffoSL.Sprint5.Task0.V18.csproj", "{6D2309B4-829B-4499-9DFD-855FF2FD755C}"
EndProject
Project("{FAE04EC0-301F-11D3-BF4B-00C04F79EFBC}") = "Tyuiu.TenkeumiaffoSL.Sprint5.Task0.V18.Lib", "Tyuiu.TenkeumiaffoSL.Sprint5.Task0.V18.Lib\Tyuiu.TenkeumiaffoSL.Sprint5.Task0.V18.Lib.csproj", "{B4E9C09F-ED07-42E2-ADD8-643BC330C5F6}"
EndProject
Project("{FAE04EC0-301F-11D3-BF4B-00C04F79EFBC}") = "Tyuiu.TenkeumiaffoSL.Sprint5.Task0.V18.Test", "Tyuiu.TenkeumiaffoSL.Sprint5.Task0.V18.Test\Tyuiu.TenkeumiaffoSL.Sprint5.Task0.V18.Test.csproj", "{39678CA6-EBAC-4E5C-A7A0-D61D42F29D06}"
EndProject
Project("{FAE04EC0-301F-11D3-BF4B-00C04F79EFBC}") = "Tyuiu.TenkeumiaffoSL.Sprint5.Task1.V30", "Tyuiu.TenkeumiaffoSL.Sprint5.Task1.V30\Tyuiu.TenkeumiaffoSL.Sprint5.Task1.V30.csproj", "{1A23F369-5A2D-4D14-B23D-29178099A53D}"
EndProject
Project("{FAE04EC0-301F-11D3-BF4B-00C04F79EFBC}") = "Tyuiu.TenkeumiaffoSL.Sprint5.Task1.V30.Lib", "Tyuiu.TenkeumiaffoSL.Sprint5.Task1.V30.Lib\Tyuiu.TenkeumiaffoSL.Sprint5.Task1.V30.Lib.csproj", "{86C74D02-2BD9-42C7-8938-2DA79C79A5CF}"
EndProject
Project("{FAE04EC0-301F-11D3-BF4B-00C04F79EFBC}") = "Tyuiu.TenkeumiaffoSL.Sprint5.Task1.V30.Test", "Tyuiu.TenkeumiaffoSL.Sprint5.Task1.V30.Test\Tyuiu.TenkeumiaffoSL.Sprint5.Task1.V30.Test.csproj", "{2BA352EB-A068-4502-A443-64084EB7FC64}"
EndProject
Project("{FAE04EC0-301F-11D3-BF4B-00C04F79EFBC}") = "Tyuiu.TenkeumiaffoSL.Sprint5.Task2.V18", "Tyuiu.TenkeumiaffoSL.Sprint5.Task2.V18\Tyuiu.TenkeumiaffoSL.Sprint5.Task2.V18.csproj", "{7F8A0718-0DC0-457F-B342-B7A019DD84B6}"
EndProject
Project("{FAE04EC0-301F-11D3-BF4B-00C04F79EFBC}") = "Tyuiu.TenkeumiaffoSL.Sprint5.Task2.V18.Lib", "Tyuiu.TenkeumiaffoSL.Sprint5.Task2.V18.Lib\Tyuiu.TenkeumiaffoSL.Sprint5.Task2.V18.Lib.csproj", "{AD2EC886-DCCB-414D-B2DF-51240A7A02AA}"
EndProject
Project("{FAE04EC0-301F-11D3-BF4B-00C04F79EFBC}") = "Tyuiu.TenkeumiaffoSL.Sprint5.Task2.V18.Test", "Tyuiu.TenkeumiaffoSL.Sprint5.Task2.V18.Test\Tyuiu.TenkeumiaffoSL.Sprint5.Task2.V18.Test.csproj", "{B41775A9-68AA-4C7A-B347-66D34D822EA8}"
EndProject
Project("{FAE04EC0-301F-11D3-BF4B-00C04F79EFBC}") = "Tyuiu.TenkeumiaffoSL.Sprint5.Task3.V2", "Tyuiu.TenkeumiaffoSL.Sprint5.Task3.V2\Tyuiu.TenkeumiaffoSL.Sprint5.Task3.V2.csproj", "{F642A333-90B4-4393-B0E8-D20BF86E34D0}"
EndProject
Project("{FAE04EC0-301F-11D3-BF4B-00C04F79EFBC}") = "Tyuiu.TenkeumiaffoSL.Sprint5.Task3.V2.Lib", "Tyuiu.TenkeumiaffoSL.Sprint5.Task3.V2.Lib\Tyuiu.TenkeumiaffoSL.Sprint5.Task3.V2.Lib.csproj", "{B7B79F99-9FA1-4270-9EC9-779516035CC0}"
EndProject
Project("{FAE04EC0-301F-11D3-BF4B-00C04F79EFBC}") = "Tyuiu.TenkeumiaffoSL.Sprint5.Task3.V2.Test", "Tyuiu.TenkeumiaffoSL.Sprint5.Task3.V2.Test\Tyuiu.TenkeumiaffoSL.Sprint5.Task3.V2.Test.csproj", "{44A4C54E-00AE-47ED-83B0-35FC22C19883}"
EndProject
Project("{FAE04EC0-301F-11D3-BF4B-00C04F79EFBC}") = "Tyuiu.TenkeumiaffoSL.Sprint5.Task4.V25.Lib", "Tyuiu.TenkeumiaffoSL.Sprint5.Task4.V25.Lib\Tyuiu.TenkeumiaffoSL.Sprint5.Task4.V25.Lib.csproj", "{0AE4DD3E-E505-4465-A9AC-30A7D67B4BCD}"
EndProject
Project("{FAE04EC0-301F-11D3-BF4B-00C04F79EFBC}") = "Tyuiu.TenkeumiaffoSL.Sprint5.Task4.V25", "Tyuiu.TenkeumiaffoSL.Sprint5.Task4.V25\Tyuiu.TenkeumiaffoSL.Sprint5.Task4.V25.csproj", "{26BC34D6-205B-401D-8893-525907FC4046}"
EndProject
Project("{FAE04EC0-301F-11D3-BF4B-00C04F79EFBC}") = "Tyuiu.TenkeumiaffoSL.Sprint5.Task4.V25.Test", "Tyuiu.TenkeumiaffoSL.Sprint5.Task4.V25.Test\Tyuiu.TenkeumiaffoSL.Sprint5.Task4.V25.Test.csproj", "{7F683657-821C-4B7B-8FF9-3655BDFFD45C}"
EndProject
Project("{FAE04EC0-301F-11D3-BF4B-00C04F79EFBC}") = "Tyuiu.TenkeumiaffoSL.Sprint5.Task5.V15", "Tyuiu.TenkeumiaffoSL.Sprint5.Task5.V15\Tyuiu.TenkeumiaffoSL.Sprint5.Task5.V15.csproj", "{F8B49320-D9B7-4233-9C70-BA5F7116AE3C}"
EndProject
Project("{FAE04EC0-301F-11D3-BF4B-00C04F79EFBC}") = "Tyuiu.TenkeumiaffoSL.Sprint5.Task5.V15.Lib", "Tyuiu.TenkeumiaffoSL.Sprint5.Task5.V15.Lib\Tyuiu.TenkeumiaffoSL.Sprint5.Task5.V15.Lib.csproj", "{B944BD06-5B80-488E-AC49-5ED537E9B25D}"
EndProject
Project("{FAE04EC0-301F-11D3-BF4B-00C04F79EFBC}") = "Tyuiu.TenkeumiaffoSL.Sprint5.Task5.V15.Test", "Tyuiu.TenkeumiaffoSL.Sprint5.Task5.V15.Test\Tyuiu.TenkeumiaffoSL.Sprint5.Task5.V15.Test.csproj", "{58507807-D7D0-467E-A9F5-7DB334F5754F}"
EndProject
Project("{FAE04EC0-301F-11D3-BF4B-00C04F79EFBC}") = "Tyuiu.TenkeumiaffoSL.Sprint5.Task6.V12", "Tyuiu.TenkeumiaffoSL.Sprint5.Task6.V12\Tyuiu.TenkeumiaffoSL.Sprint5.Task6.V12.csproj", "{13E8EB51-EE1A-4100-8349-A290539B20AC}"
EndProject
Project("{FAE04EC0-301F-11D3-BF4B-00C04F79EFBC}") = "Tyuiu.TenkeumiaffoSL.Sprint5.Task6.V12.Lib", "Tyuiu.TenkeumiaffoSL.Sprint5.Task6.V12.Lib\Tyuiu.TenkeumiaffoSL.Sprint5.Task6.V12.Lib.csproj", "{4269268D-B6AB-4D3F-9E34-5407CCF74824}"
EndProject
Project("{FAE04EC0-301F-11D3-BF4B-00C04F79EFBC}") = "Tyuiu.TenkeumiaffoSL.Sprint5.Task6.V12.Test", "Tyuiu.TenkeumiaffoSL.Sprint5.Task6.V12.Test\Tyuiu.TenkeumiaffoSL.Sprint5.Task6.V12.Test.csproj", "{365F3E3E-123A-45F1-8CE0-947C0A4FCB06}"
EndProject
Project("{FAE04EC0-301F-11D3-BF4B-00C04F79EFBC}") = "Tyuiu.TenkeumiaffoSL.Sprint5.Task7.V21", "Tyuiu.TenkeumiaffoSL.Sprint5.Task7.V21\Tyuiu.TenkeumiaffoSL.Sprint5.Task7.V21.csproj", "{634AA900-DC30-4285-87C7-81E85BAFEB85}"
EndProject
Project("{FAE04EC0-301F-11D3-BF4B-00C04F79EFBC}") = "Tyuiu.TenkeumiaffoSL.Sprint5.Task7.V21.Lib", "Tyuiu.TenkeumiaffoSL.Sprint5.Task7.V21.Lib\Tyuiu.TenkeumiaffoSL.Sprint5.Task7.V21.Lib.csproj", "{6BE34339-199E-4CCF-8F61-1C9CC494C410}"
EndProject
Project("{FAE04EC0-301F-11D3-BF4B-00C04F79EFBC}") = "Tyuiu.TenkeumiaffoSL.Sprint5.Task7.V21.Test", "Tyuiu.TenkeumiaffoSL.Sprint5.Task7.V21.Test\Tyuiu.TenkeumiaffoSL.Sprint5.Task7.V21.Test.csproj", "{2489D3DE-1CB4-4A7E-8758-D91654ED6FE5}"
EndProject
Global
	GlobalSection(SolutionConfigurationPlatforms) = preSolution
		Debug|Any CPU = Debug|Any CPU
		Release|Any CPU = Release|Any CPU
	EndGlobalSection
	GlobalSection(ProjectConfigurationPlatforms) = postSolution
		{6D2309B4-829B-4499-9DFD-855FF2FD755C}.Debug|Any CPU.ActiveCfg = Debug|Any CPU
		{6D2309B4-829B-4499-9DFD-855FF2FD755C}.Debug|Any CPU.Build.0 = Debug|Any CPU
		{6D2309B4-829B-4499-9DFD-855FF2FD755C}.Release|Any CPU.ActiveCfg = Release|Any CPU
		{6D2309B4-829B-4499-9DFD-855FF2FD755C}.Release|Any CPU.Build.0 = Release|Any CPU
		{B4E9C09F-ED07-42E2-ADD8-643BC330C5F6}.Debug|Any CPU.ActiveCfg = Debug|Any CPU
		{B4E9C09F-ED07-42E2-ADD8-643BC330C5F6}.Debug|Any CPU.Build.0 = Debug|Any CPU
		{B4E9C09F-ED07-42E2-ADD8-643BC330C5F6}.Release|Any CPU.ActiveCfg = Release|Any CPU
		{B4E9C09F-ED07-42E2-ADD8-643BC330C5F6}.Release|Any CPU.Build.0 = Release|Any CPU
		{39678CA6-EBAC-4E5C-A7A0-D61D42F29D06}.Debug|Any CPU.ActiveCfg = Debug|Any CPU
		{39678CA6-EBAC-4E5C-A7A0-D61D42F29D06}.Debug|Any CPU.Build.0 = Debug|Any CPU
		{39678CA6-EBAC-4E5C-A7A0-D61D42F29D06}.Release|Any CPU.ActiveCfg = Release|Any CPU
		{39678CA6-EBAC-4E5C-A7A0-D61D42F29D06}.Release|Any CPU.Build.0 = Release|Any CPU
		{1A23F369-5A2D-4D14-B23D-29178099A53D}.Debug|Any CPU.ActiveCfg = Debug|Any CPU
		{1A23F369-5A2D-4D14-B23D-29178099A53D}.Debug|Any CPU.Build.0 = Debug|Any CPU
		{1A23F369-5A2D-4D14-B23D-29178099A53D}.Release|Any CPU.ActiveCfg = Release|Any CPU
		{1A23F369-5A2D-4D14-B23D-29178099A53D}.Release|Any CPU.Build.0 = Release|Any CPU
		{86C74D02-2BD9-42C7-8938-2DA79C79A5CF}.Debug|Any CPU.ActiveCfg = Debug|Any CPU
		{86C74D02-2BD9-42C7-8938-2DA79C79A5CF}.Debug|Any CPU.Build.0 = Debug|Any CPU
		{86C74D02-2BD9-42C7-8938-2DA79C79A5CF}.Release|Any CPU.ActiveCfg = Release|Any CPU
		{86C74D02-2BD9-42C7-8938-2DA79C79A5CF}.Release|Any CPU.Build.0 = Release|Any CPU
		{2BA352EB-A068-4502-A443-64084EB7FC64}.Debug|Any CPU.ActiveCfg = Debug|Any CPU
		{2BA352EB-A068-4502-A443-64084EB7FC64}.Debug|Any CPU.Build.0 = Debug|Any CPU
		{2BA352EB-A068-4502-A443-64084EB7FC64}.Release|Any CPU.ActiveCfg = Release|Any CPU
		{2BA352EB-A068-4502-A443-64084EB7FC64}.Release|Any CPU.Build.0 = Release|Any CPU
		{7F8A0718-0DC0-457F-B342-B7A019DD84B6}.Debug|Any CPU.ActiveCfg = Debug|Any CPU
		{7F8A0718-0DC0-457F-B342-B7A019DD84B6}.Debug|Any CPU.Build.0 = Debug|Any CPU
		{7F8A0718-0DC0-457F-B342-B7A019DD84B6}.Release|Any CPU.ActiveCfg = Release|Any CPU
		{7F8A0718-0DC0-457F-B342-B7A019DD84B6}.Release|Any CPU.Build.0 = Release|Any CPU
		{AD2EC886-DCCB-414D-B2DF-51240A7A02AA}.Debug|Any CPU.ActiveCfg = Debug|Any CPU
		{AD2EC886-DCCB-414D-B2DF-51240A7A02AA}.Debug|Any CPU.Build.0 = Debug|Any CPU
		{AD2EC886-DCCB-414D-B2DF-51240A7A02AA}.Release|Any CPU.ActiveCfg = Release|Any CPU
		{AD2EC886-DCCB-414D-B2DF-51240A7A02AA}.Release|Any CPU.Build.0 = Release|Any CPU
		{B41775A9-68AA-4C7A-B347-66D34D822EA8}.Debug|Any CPU.ActiveCfg = Debug|Any CPU
		{B41775A9-68AA-4C7A-B347-66D34D822EA8}.Debug|Any CPU.Build.0 = Debug|Any CPU
		{B41775A9-68AA-4C7A-B347-66D34D822EA8}.Release|Any CPU.ActiveCfg = Release|Any CPU
		{B41775A9-68AA-4C7A-B347-66D34D822EA8}.Release|Any CPU.Build.0 = Release|Any CPU
		{F642A333-90B4-4393-B0E8-D20BF86E34D0}.Debug|Any CPU.ActiveCfg = Debug|Any CPU
		{F642A333-90B4-4393-B0E8-D20BF86E34D0}.Debug|Any CPU.Build.0 = Debug|Any CPU
		{F642A333-90B4-4393-B0E8-D20BF86E34D0}.Release|Any CPU.ActiveCfg = Release|Any CPU
		{F642A333-90B4-4393-B0E8-D20BF86E34D0}.Release|Any CPU.Build.0 = Release|Any CPU
		{B7B79F99-9FA1-4270-9EC9-779516035CC0}.Debug|Any CPU.ActiveCfg = Debug|Any CPU
		{B7B79F99-9FA1-4270-9EC9-779516035CC0}.Debug|Any CPU.Build.0 = Debug|Any CPU
		{B7B79F99-9FA1-4270-9EC9-779516035CC0}.Release|Any CPU.ActiveCfg = Release|Any CPU
		{B7B79F99-9FA1-4270-9EC9-779516035CC0}.Release|Any CPU.Build.0 = Release|Any CPU
		{44A4C54E-00AE-47ED-83B0-35FC22C19883}.Debug|Any CPU.ActiveCfg = Debug|Any CPU
		{44A4C54E-00AE-47ED-83B0-35FC22C19883}.Debug|Any CPU.Build.0 = Debug|Any CPU
		{44A4C54E-00AE-47ED-83B0-35FC22C19883}.Release|Any CPU.ActiveCfg = Release|Any CPU
		{44A4C54E-00AE-47ED-83B0-35FC22C19883}.Release|Any CPU.Build.0 = Release|Any CPU
		{0AE4DD3E-E505-4465-A9AC-30A7D67B4BCD}.Debug|Any CPU.ActiveCfg = Debug|Any CPU
		{0AE4DD3E-E505-4465-A9AC-30A7D67B4BCD}.Debug|Any CPU.Build.0 = Debug|Any CPU
		{0AE4DD3E-E505-4465-A9AC-30A7D67B4BCD}.Release|Any CPU.ActiveCfg = Release|Any CPU
		{0AE4DD3E-E505-4465-A9AC-30A7D67B4BCD}.Release|Any CPU.Build.0 = Release|Any CPU
		{26BC34D6-205B-401D-8893-525907FC4046}.Debug|Any CPU.ActiveCfg = Debug|Any CPU
		{26BC34D6-205B-401D-8893-525907FC4046}.Debug|Any CPU.Build.0 = Debug|Any CPU
		{26BC34D6-205B-401D-8893-525907FC4046}.Release|Any CPU.ActiveCfg = Release|Any CPU
		{26BC34D6-205B-401D-8893-525907FC4046}.Release|Any CPU.Build.0 = Release|Any CPU
		{7F683657-821C-4B7B-8FF9-3655BDFFD45C}.Debug|Any CPU.ActiveCfg = Debug|Any CPU
		{7F683657-821C-4B7B-8FF9-3655BDFFD45C}.Debug|Any CPU.Build.0 = Debug|Any CPU
		{7F683657-821C-4B7B-8FF9-3655BDFFD45C}.Release|Any CPU.ActiveCfg = Release|Any CPU
		{7F683657-821C-4B7B-8FF9-3655BDFFD45C}.Release|Any CPU.Build.0 = Release|Any CPU
		{F8B49320-D9B7-4233-9C70-BA5F7116AE3C}.Debug|Any CPU.ActiveCfg = Debug|Any CPU
		{F8B49320-D9B7-4233-9C70-BA5F7116AE3C}.Debug|Any CPU.Build.0 = Debug|Any CPU
		{F8B49320-D9B7-4233-9C70-BA5F7116AE3C}.Release|Any CPU.ActiveCfg = Release|Any CPU
		{F8B49320-D9B7-4233-9C70-BA5F7116AE3C}.Release|Any CPU.Build.0 = Release|Any CPU
		{B944BD06-5B80-488E-AC49-5ED537E9B25D}.Debug|Any CPU.ActiveCfg = Debug|Any CPU
		{B944BD06-5B80-488E-AC49-5ED537E9B25D}.Debug|Any CPU.Build.0 = Debug|Any CPU
		{B944BD06-5B80-488E-AC49-5ED537E9B25D}.Release|Any CPU.ActiveCfg = Release|Any CPU
		{B944BD06-5B80-488E-AC49-5ED537E9B25D}.Release|Any CPU.Build.0 = Release|Any CPU
		{58507807-D7D0-467E-A9F5-7DB334F5754F}.Debug|Any CPU.ActiveCfg = Debug|Any CPU
		{58507807-D7D0-467E-A9F5-7DB334F5754F}.Debug|Any CPU.Build.0 = Debug|Any CPU
		{58507807-D7D0-467E-A9F5-7DB334F5754F}.Release|Any CPU.ActiveCfg = Release|Any CPU
		{58507807-D7D0-467E-A9F5-7DB334F5754F}.Release|Any CPU.Build.0 = Release|Any CPU
		{13E8EB51-EE1A-4100-8349-A290539B20AC}.Debug|Any CPU.ActiveCfg = Debug|Any CPU
		{13E8EB51-EE1A-4100-8349-A290539B20AC}.Debug|Any CPU.Build.0 = Debug|Any CPU
		{13E8EB51-EE1A-4100-8349-A290539B20AC}.Release|Any CPU.ActiveCfg = Release|Any CPU
		{13E8EB51-EE1A-4100-8349-A290539B20AC}.Release|Any CPU.Build.0 = Release|Any CPU
		{4269268D-B6AB-4D3F-9E34-5407CCF74824}.Debug|Any CPU.ActiveCfg = Debug|Any CPU
		{4269268D-B6AB-4D3F-9E34-5407CCF74824}.Debug|Any CPU.Build.0 = Debug|Any CPU
		{4269268D-B6AB-4D3F-9E34-5407CCF74824}.Release|Any CPU.ActiveCfg = Release|Any CPU
		{4269268D-B6AB-4D3F-9E34-5407CCF74824}.Release|Any CPU.Build.0 = Release|Any CPU
		{365F3E3E-123A-45F1-8CE0-947C0A4FCB06}.Debug|Any CPU.ActiveCfg = Debug|Any CPU
		{365F3E3E-123A-45F1-8CE0-947C0A4FCB06}.Debug|Any CPU.Build.0 = Debug|Any CPU
		{365F3E3E-123A-45F1-8CE0-947C0A4FCB06}.Release|Any CPU.ActiveCfg = Release|Any CPU
		{365F3E3E-123A-45F1-8CE0-947C0A4FCB06}.Release|Any CPU.Build.0 = Release|Any CPU
		{634AA900-DC30-4285-87C7-81E85BAFEB85}.Debug|Any CPU.ActiveCfg = Debug|Any CPU
		{634AA900-DC30-4285-87C7-81E85BAFEB85}.Debug|Any CPU.Build.0 = Debug|Any CPU
		{634AA900-DC30-4285-87C7-81E85BAFEB85}.Release|Any CPU.ActiveCfg = Release|Any CPU
		{634AA900-DC30-4285-87C7-81E85BAFEB85}.Release|Any CPU.Build.0 = Release|Any CPU
		{6BE34339-199E-4CCF-8F61-1C9CC494C410}.Debug|Any CPU.ActiveCfg = Debug|Any CPU
		{6BE34339-199E-4CCF-8F61-1C9CC494C410}.Debug|Any CPU.Build.0 = Debug|Any CPU
		{6BE34339-199E-4CCF-8F61-1C9CC494C410}.Release|Any CPU.ActiveCfg = Release|Any CPU
		{6BE34339-199E-4CCF-8F61-1C9CC494C410}.Release|Any CPU.Build.0 = Release|Any CPU
		{2489D3DE-1CB4-4A7E-8758-D91654ED6FE5}.Debug|Any CPU.ActiveCfg = Debug|Any CPU
		{2489D3DE-1CB4-4A7E-8758-D91654ED6FE5}.Debug|Any CPU.Build.0 = Debug|Any CPU
		{2489D3DE-1CB4-4A7E-8758-D91654ED6FE5}.Release|Any CPU.ActiveCfg = Release|Any CPU
		{2489D3DE-1CB4-4A7E-8758-D91654ED6FE5}.Release|Any CPU.Build.0 = Release|Any CPU
	EndGlobalSection
	GlobalSection(SolutionProperties) = preSolution
		HideSolutionNode = FALSE
	EndGlobalSection
	GlobalSection(NestedProjects) = preSolution
		{6D2309B4-829B-4499-9DFD-855FF2FD755C} = {02EA681E-C7D8-13C7-8484-4AC65E1B71E8}
		{B4E9C09F-ED07-42E2-ADD8-643BC330C5F6} = {02EA681E-C7D8-13C7-8484-4AC65E1B71E8}
		{39678CA6-EBAC-4E5C-A7A0-D61D42F29D06} = {02EA681E-C7D8-13C7-8484-4AC65E1B71E8}
		{1A23F369-5A2D-4D14-B23D-29178099A53D} = {A8726B7D-FFFB-449D-9AA5-F96DD7A54581}
		{86C74D02-2BD9-42C7-8938-2DA79C79A5CF} = {A8726B7D-FFFB-449D-9AA5-F96DD7A54581}
		{2BA352EB-A068-4502-A443-64084EB7FC64} = {A8726B7D-FFFB-449D-9AA5-F96DD7A54581}
		{7F8A0718-0DC0-457F-B342-B7A019DD84B6} = {E2676171-0422-4909-95A1-4CD4727AC64B}
		{AD2EC886-DCCB-414D-B2DF-51240A7A02AA} = {E2676171-0422-4909-95A1-4CD4727AC64B}
		{B41775A9-68AA-4C7A-B347-66D34D822EA8} = {E2676171-0422-4909-95A1-4CD4727AC64B}
		{F642A333-90B4-4393-B0E8-D20BF86E34D0} = {A2EBC2C9-2F85-4526-B12A-C68F22C4971A}
		{B7B79F99-9FA1-4270-9EC9-779516035CC0} = {A2EBC2C9-2F85-4526-B12A-C68F22C4971A}
		{44A4C54E-00AE-47ED-83B0-35FC22C19883} = {A2EBC2C9-2F85-4526-B12A-C68F22C4971A}
		{0AE4DD3E-E505-4465-A9AC-30A7D67B4BCD} = {09C2D9F8-FD15-44EC-9F3A-2AC1556721F5}
		{26BC34D6-205B-401D-8893-525907FC4046} = {09C2D9F8-FD15-44EC-9F3A-2AC1556721F5}
		{7F683657-821C-4B7B-8FF9-3655BDFFD45C} = {09C2D9F8-FD15-44EC-9F3A-2AC1556721F5}
		{F8B49320-D9B7-4233-9C70-BA5F7116AE3C} = {80B7C1FA-7289-4EB2-9885-947AD5E195C0}
		{B944BD06-5B80-488E-AC49-5ED537E9B25D} = {80B7C1FA-7289-4EB2-9885-947AD5E195C0}
		{58507807-D7D0-467E-A9F5-7DB334F5754F} = {80B7C1FA-7289-4EB2-9885-947AD5E195C0}
		{13E8EB51-EE1A-4100-8349-A290539B20AC} = {C5C9C6BE-B9AE-4869-B003-6859A17FB2FF}
		{4269268D-B6AB-4D3F-9E34-5407CCF74824} = {C5C9C6BE-B9AE-4869-B003-6859A17FB2FF}
		{365F3E3E-123A-45F1-8CE0-947C0A4FCB06} = {C5C9C6BE-B9AE-4869-B003-6859A17FB2FF}
		{634AA900-DC30-4285-87C7-81E85BAFEB85} = {F37D6867-7789-45ED-91DE-8863F6BD20EE}
		{6BE34339-199E-4CCF-8F61-1C9CC494C410} = {F37D6867-7789-45ED-91DE-8863F6BD20EE}
		{2489D3DE-1CB4-4A7E-8758-D91654ED6FE5} = {F37D6867-7789-45ED-91DE-8863F6BD20EE}
	EndGlobalSection
	GlobalSection(ExtensibilityGlobals) = postSolution
		SolutionGuid = {FFDE04DE-8B51-4961-88A2-469F1353231A}
	EndGlobalSection
EndGlobal
